
Microsoft Visual Studio Solution File, Format Version 12.00
# Visual Studio 14
VisualStudioVersion = 14.0.23107.0
MinimumVisualStudioVersion = 10.0.40219.1
Project("{F184B08F-C81C-45F6-A57F-5ABD9991F28F}") = "PrimeBrick.MessageBroker", "PrimeBrick.MessageBroker\PrimeBrick.MessageBroker.vbproj", "{235D58C3-1060-4B9B-9A91-5F37845C8A87}"
EndProject
Project("{F184B08F-C81C-45F6-A57F-5ABD9991F28F}") = "TestClient1", "TestClient1\TestClient1.vbproj", "{08B4A103-C8BB-40D4-BE96-CE2BC8DC2D10}"
EndProject
Project("{F184B08F-C81C-45F6-A57F-5ABD9991F28F}") = "TestClient2", "TestClient2\TestClient2.vbproj", "{D0EB1277-648D-4387-9864-CDFECB464554}"
EndProject
Project("{F184B08F-C81C-45F6-A57F-5ABD9991F28F}") = "PrimeBrick.MessageQueue.Server", "PrimeBrick.MessageQueue.Server\PrimeBrick.MessageQueue.Server.vbproj", "{E04C0B53-B4C6-4C59-A2A8-ECA4FC326060}"
EndProject
Global
	GlobalSection(SolutionConfigurationPlatforms) = preSolution
		Debug|Any CPU = Debug|Any CPU
		Release|Any CPU = Release|Any CPU
	EndGlobalSection
	GlobalSection(ProjectConfigurationPlatforms) = postSolution
		{235D58C3-1060-4B9B-9A91-5F37845C8A87}.Debug|Any CPU.ActiveCfg = Debug|Any CPU
		{235D58C3-1060-4B9B-9A91-5F37845C8A87}.Debug|Any CPU.Build.0 = Debug|Any CPU
		{235D58C3-1060-4B9B-9A91-5F37845C8A87}.Release|Any CPU.ActiveCfg = Release|Any CPU
		{235D58C3-1060-4B9B-9A91-5F37845C8A87}.Release|Any CPU.Build.0 = Release|Any CPU
		{08B4A103-C8BB-40D4-BE96-CE2BC8DC2D10}.Debug|Any CPU.ActiveCfg = Debug|Any CPU
		{08B4A103-C8BB-40D4-BE96-CE2BC8DC2D10}.Debug|Any CPU.Build.0 = Debug|Any CPU
		{08B4A103-C8BB-40D4-BE96-CE2BC8DC2D10}.Release|Any CPU.ActiveCfg = Release|Any CPU
		{08B4A103-C8BB-40D4-BE96-CE2BC8DC2D10}.Release|Any CPU.Build.0 = Release|Any CPU
		{D0EB1277-648D-4387-9864-CDFECB464554}.Debug|Any CPU.ActiveCfg = Debug|Any CPU
		{D0EB1277-648D-4387-9864-CDFECB464554}.Debug|Any CPU.Build.0 = Debug|Any CPU
		{D0EB1277-648D-4387-9864-CDFECB464554}.Release|Any CPU.ActiveCfg = Release|Any CPU
		{D0EB1277-648D-4387-9864-CDFECB464554}.Release|Any CPU.Build.0 = Release|Any CPU
		{E04C0B53-B4C6-4C59-A2A8-ECA4FC326060}.Debug|Any CPU.ActiveCfg = Debug|Any CPU
		{E04C0B53-B4C6-4C59-A2A8-ECA4FC326060}.Debug|Any CPU.Build.0 = Debug|Any CPU
		{E04C0B53-B4C6-4C59-A2A8-ECA4FC326060}.Release|Any CPU.ActiveCfg = Release|Any CPU
		{E04C0B53-B4C6-4C59-A2A8-ECA4FC326060}.Release|Any CPU.Build.0 = Release|Any CPU
	EndGlobalSection
	GlobalSection(SolutionProperties) = preSolution
		HideSolutionNode = FALSE
	EndGlobalSection
EndGlobal
